
Microsoft Visual Studio Solution File, Format Version 9.00
# Visual Studio 2005
Project("{8BC9CEB8-8B4A-11D0-8D11-00A0C91BC942}") = "互斥体的一个防多开应用(执行目录里的.exe看能不能开两个)", "互斥体的一个防多开应用(执行目录里的.exe看能不能开两个)\互斥体的一个防多开应用(执行目录里的.exe看能不能开两个).vcproj", "{E3AC4C42-D8CD-402B-9137-EB22A7FB93F7}"
EndProject
Global
	GlobalSection(SolutionConfigurationPlatforms) = preSolution
		Debug|Win32 = Debug|Win32
		Release|Win32 = Release|Win32
	EndGlobalSection
	GlobalSection(ProjectConfigurationPlatforms) = postSolution
		{E3AC4C42-D8CD-402B-9137-EB22A7FB93F7}.Debug|Win32.ActiveCfg = Debug|Win32
		{E3AC4C42-D8CD-402B-9137-EB22A7FB93F7}.Debug|Win32.Build.0 = Debug|Win32
		{E3AC4C42-D8CD-402B-9137-EB22A7FB93F7}.Release|Win32.ActiveCfg = Release|Win32
		{E3AC4C42-D8CD-402B-9137-EB22A7FB93F7}.Release|Win32.Build.0 = Release|Win32
	EndGlobalSection
	GlobalSection(SolutionProperties) = preSolution
		HideSolutionNode = FALSE
	EndGlobalSection
EndGlobal
