
Microsoft Visual Studio Solution File, Format Version 9.00
# Visual Studio 2005
Project("{8BC9CEB8-8B4A-11D0-8D11-00A0C91BC942}") = "03-创建进程", "03-创建进程\03-创建进程.vcproj", "{079B07F0-EF35-44FF-A34D-779C31266F84}"
EndProject
Global
	GlobalSection(SolutionConfigurationPlatforms) = preSolution
		Debug|Win32 = Debug|Win32
		Release|Win32 = Release|Win32
	EndGlobalSection
	GlobalSection(ProjectConfigurationPlatforms) = postSolution
		{079B07F0-EF35-44FF-A34D-779C31266F84}.Debug|Win32.ActiveCfg = Debug|Win32
		{079B07F0-EF35-44FF-A34D-779C31266F84}.Debug|Win32.Build.0 = Debug|Win32
		{079B07F0-EF35-44FF-A34D-779C31266F84}.Release|Win32.ActiveCfg = Release|Win32
		{079B07F0-EF35-44FF-A34D-779C31266F84}.Release|Win32.Build.0 = Release|Win32
	EndGlobalSection
	GlobalSection(SolutionProperties) = preSolution
		HideSolutionNode = FALSE
	EndGlobalSection
EndGlobal
