
Microsoft Visual Studio Solution File, Format Version 9.00
# Visual Studio 2005
Project("{8BC9CEB8-8B4A-11D0-8D11-00A0C91BC942}") = "06-创建线程", "06-创建线程\06-创建线程.vcproj", "{0F7DF4CA-17C3-4E52-B668-F704396F11AF}"
EndProject
Global
	GlobalSection(SolutionConfigurationPlatforms) = preSolution
		Debug|Win32 = Debug|Win32
		Release|Win32 = Release|Win32
	EndGlobalSection
	GlobalSection(ProjectConfigurationPlatforms) = postSolution
		{0F7DF4CA-17C3-4E52-B668-F704396F11AF}.Debug|Win32.ActiveCfg = Debug|Win32
		{0F7DF4CA-17C3-4E52-B668-F704396F11AF}.Debug|Win32.Build.0 = Debug|Win32
		{0F7DF4CA-17C3-4E52-B668-F704396F11AF}.Release|Win32.ActiveCfg = Release|Win32
		{0F7DF4CA-17C3-4E52-B668-F704396F11AF}.Release|Win32.Build.0 = Release|Win32
	EndGlobalSection
	GlobalSection(SolutionProperties) = preSolution
		HideSolutionNode = FALSE
	EndGlobalSection
EndGlobal
