
Microsoft Visual Studio Solution File, Format Version 9.00
# Visual Studio 2005
Project("{8BC9CEB8-8B4A-11D0-8D11-00A0C91BC942}") = "Process-B", "Process-B\Process-B.vcproj", "{E55ADDF0-A350-4D80-9452-AB793DF67ADD}"
EndProject
Global
	GlobalSection(SolutionConfigurationPlatforms) = preSolution
		Debug|Win32 = Debug|Win32
		Release|Win32 = Release|Win32
	EndGlobalSection
	GlobalSection(ProjectConfigurationPlatforms) = postSolution
		{E55ADDF0-A350-4D80-9452-AB793DF67ADD}.Debug|Win32.ActiveCfg = Debug|Win32
		{E55ADDF0-A350-4D80-9452-AB793DF67ADD}.Debug|Win32.Build.0 = Debug|Win32
		{E55ADDF0-A350-4D80-9452-AB793DF67ADD}.Release|Win32.ActiveCfg = Release|Win32
		{E55ADDF0-A350-4D80-9452-AB793DF67ADD}.Release|Win32.Build.0 = Release|Win32
	EndGlobalSection
	GlobalSection(SolutionProperties) = preSolution
		HideSolutionNode = FALSE
	EndGlobalSection
EndGlobal
