
Microsoft Visual Studio Solution File, Format Version 9.00
# Visual Studio 2005
Project("{8BC9CEB8-8B4A-11D0-8D11-00A0C91BC942}") = "16-共享内存的申请与释放", "16-共享内存的申请与释放\16-共享内存的申请与释放.vcproj", "{44A1E841-625E-4B2E-A3DC-019EDC8E2C74}"
EndProject
Global
	GlobalSection(SolutionConfigurationPlatforms) = preSolution
		Debug|Win32 = Debug|Win32
		Release|Win32 = Release|Win32
	EndGlobalSection
	GlobalSection(ProjectConfigurationPlatforms) = postSolution
		{44A1E841-625E-4B2E-A3DC-019EDC8E2C74}.Debug|Win32.ActiveCfg = Debug|Win32
		{44A1E841-625E-4B2E-A3DC-019EDC8E2C74}.Debug|Win32.Build.0 = Debug|Win32
		{44A1E841-625E-4B2E-A3DC-019EDC8E2C74}.Release|Win32.ActiveCfg = Release|Win32
		{44A1E841-625E-4B2E-A3DC-019EDC8E2C74}.Release|Win32.Build.0 = Release|Win32
	EndGlobalSection
	GlobalSection(SolutionProperties) = preSolution
		HideSolutionNode = FALSE
	EndGlobalSection
EndGlobal
